// !$*UTF8*$!
{
	archiveVersion = 1;
	classes = {
	};
	objectVersion = 55;
	objects = {

/* Begin PBXBuildFile section */
		0A0808E627E1C02E00F658B2 /* MeetTalkCallChatBubbleTableViewCell.h in Headers */ = {isa = PBXBuildFile; fileRef = 0A0808E327E1C02E00F658B2 /* MeetTalkCallChatBubbleTableViewCell.h */; settings = {ATTRIBUTES = (Public, ); }; };
		0A0808E727E1C02E00F658B2 /* MeetTalkCallChatBubbleTableViewCell.m in Sources */ = {isa = PBXBuildFile; fileRef = 0A0808E427E1C02E00F658B2 /* MeetTalkCallChatBubbleTableViewCell.m */; };
		0A0808E827E1C02E00F658B2 /* MeetTalkCallChatBubbleTableViewCell.xib in Resources */ = {isa = PBXBuildFile; fileRef = 0A0808E527E1C02E00F658B2 /* MeetTalkCallChatBubbleTableViewCell.xib */; };
		0A0808EB27E1ED4D00F658B2 /* MeetTalkStyleManager.h in Headers */ = {isa = PBXBuildFile; fileRef = 0A0808E927E1ED4D00F658B2 /* MeetTalkStyleManager.h */; settings = {ATTRIBUTES = (Public, ); }; };
		0A0808EC27E1ED4D00F658B2 /* MeetTalkStyleManager.m in Sources */ = {isa = PBXBuildFile; fileRef = 0A0808EA27E1ED4D00F658B2 /* MeetTalkStyleManager.m */; };
		0A0808F227E2F61300F658B2 /* MeetTalkConferenceInfo.h in Headers */ = {isa = PBXBuildFile; fileRef = 0A0808F027E2F61300F658B2 /* MeetTalkConferenceInfo.h */; settings = {ATTRIBUTES = (Public, ); }; };
		0A0808F327E2F61300F658B2 /* MeetTalkConferenceInfo.m in Sources */ = {isa = PBXBuildFile; fileRef = 0A0808F127E2F61300F658B2 /* MeetTalkConferenceInfo.m */; };
		0A0808F627E2F7D800F658B2 /* MeetTalkParticipantInfo.h in Headers */ = {isa = PBXBuildFile; fileRef = 0A0808F427E2F7D800F658B2 /* MeetTalkParticipantInfo.h */; settings = {ATTRIBUTES = (Public, ); }; };
		0A0808F727E2F7D800F658B2 /* MeetTalkParticipantInfo.m in Sources */ = {isa = PBXBuildFile; fileRef = 0A0808F527E2F7D800F658B2 /* MeetTalkParticipantInfo.m */; };
		0A2C410627CF832C004AD641 /* MeetTalk.m in Sources */ = {isa = PBXBuildFile; fileRef = 0A2C410527CF832C004AD641 /* MeetTalk.m */; };
		0A5E49D72849C2930056C44E /* MeetTalkAssets.xcassets in Resources */ = {isa = PBXBuildFile; fileRef = 0AF7438527D20650005660EB /* MeetTalkAssets.xcassets */; };
		0A9675F827EB1393006CD5DC /* MeetTalkCallManager.h in Headers */ = {isa = PBXBuildFile; fileRef = 0A9675F627EB1393006CD5DC /* MeetTalkCallManager.h */; settings = {ATTRIBUTES = (Public, ); }; };
		0A9675F927EB1393006CD5DC /* MeetTalkCallManager.m in Sources */ = {isa = PBXBuildFile; fileRef = 0A9675F727EB1393006CD5DC /* MeetTalkCallManager.m */; };
		0AC9AFA327CE25E2006A2575 /* MeetTalk.framework in Frameworks */ = {isa = PBXBuildFile; fileRef = 0AC9AF9A27CE25E2006A2575 /* MeetTalk.framework */; };
		0AC9AFA827CE25E2006A2575 /* MeetTalkTests.m in Sources */ = {isa = PBXBuildFile; fileRef = 0AC9AFA727CE25E2006A2575 /* MeetTalkTests.m */; };
		0AC9AFA927CE25E2006A2575 /* MeetTalk.h in Headers */ = {isa = PBXBuildFile; fileRef = 0AC9AF9D27CE25E2006A2575 /* MeetTalk.h */; settings = {ATTRIBUTES = (Public, ); }; };
		0AF7437527D1FB9A005660EB /* Localizable.strings in Resources */ = {isa = PBXBuildFile; fileRef = 0AF7437727D1FB9A005660EB /* Localizable.strings */; };
		0AF7438627D20650005660EB /* MeetTalkConfigs.h in Headers */ = {isa = PBXBuildFile; fileRef = 0AF7438427D20650005660EB /* MeetTalkConfigs.h */; settings = {ATTRIBUTES = (Public, ); }; };
		0AF7438927D20669005660EB /* MeetTalkStyle.h in Headers */ = {isa = PBXBuildFile; fileRef = 0AF7438827D20669005660EB /* MeetTalkStyle.h */; settings = {ATTRIBUTES = (Public, ); }; };
		0AF7438D27D224E3005660EB /* MeetTalkCallViewController.h in Headers */ = {isa = PBXBuildFile; fileRef = 0AF7438A27D224E3005660EB /* MeetTalkCallViewController.h */; settings = {ATTRIBUTES = (Public, ); }; };
		0AF7438E27D224E3005660EB /* MeetTalkCallViewController.m in Sources */ = {isa = PBXBuildFile; fileRef = 0AF7438B27D224E3005660EB /* MeetTalkCallViewController.m */; };
		0AF7438F27D224E3005660EB /* MeetTalkCallViewController.xib in Resources */ = {isa = PBXBuildFile; fileRef = 0AF7438C27D224E3005660EB /* MeetTalkCallViewController.xib */; };
		542FC2C62A0B397F50CB0764 /* libPods-MeetTalk-MeetTalkTests.a in Frameworks */ = {isa = PBXBuildFile; fileRef = CF46494C0404799F3931D1B6 /* libPods-MeetTalk-MeetTalkTests.a */; };
		8D36673C6B4DF12E78CBEF88 /* libPods-MeetTalk.a in Frameworks */ = {isa = PBXBuildFile; fileRef = B2BDFF32F2F2ED4605EB76CF /* libPods-MeetTalk.a */; };
/* End PBXBuildFile section */

/* Begin PBXContainerItemProxy section */
		0AC9AFA427CE25E2006A2575 /* PBXContainerItemProxy */ = {
			isa = PBXContainerItemProxy;
			containerPortal = 0AC9AF9127CE25E2006A2575 /* Project object */;
			proxyType = 1;
			remoteGlobalIDString = 0AC9AF9927CE25E2006A2575;
			remoteInfo = MeetTalk;
		};
/* End PBXContainerItemProxy section */

/* Begin PBXCopyFilesBuildPhase section */
		0A5E49DB2849F03D0056C44E /* CopyFiles */ = {
			isa = PBXCopyFilesBuildPhase;
			buildActionMask = 2147483647;
			dstPath = "";
			dstSubfolderSpec = 7;
			files = (
			);
			runOnlyForDeploymentPostprocessing = 0;
		};
/* End PBXCopyFilesBuildPhase section */

/* Begin PBXFileReference section */
		0A0808E327E1C02E00F658B2 /* MeetTalkCallChatBubbleTableViewCell.h */ = {isa = PBXFileReference; lastKnownFileType = sourcecode.c.h; path = MeetTalkCallChatBubbleTableViewCell.h; sourceTree = "<group>"; };
		0A0808E427E1C02E00F658B2 /* MeetTalkCallChatBubbleTableViewCell.m */ = {isa = PBXFileReference; lastKnownFileType = sourcecode.c.objc; path = MeetTalkCallChatBubbleTableViewCell.m; sourceTree = "<group>"; };
		0A0808E527E1C02E00F658B2 /* MeetTalkCallChatBubbleTableViewCell.xib */ = {isa = PBXFileReference; lastKnownFileType = file.xib; path = MeetTalkCallChatBubbleTableViewCell.xib; sourceTree = "<group>"; };
		0A0808E927E1ED4D00F658B2 /* MeetTalkStyleManager.h */ = {isa = PBXFileReference; lastKnownFileType = sourcecode.c.h; path = MeetTalkStyleManager.h; sourceTree = "<group>"; };
		0A0808EA27E1ED4D00F658B2 /* MeetTalkStyleManager.m */ = {isa = PBXFileReference; lastKnownFileType = sourcecode.c.objc; path = MeetTalkStyleManager.m; sourceTree = "<group>"; };
		0A0808ED27E1F58500F658B2 /* MeetTalk.modulemap */ = {isa = PBXFileReference; lastKnownFileType = "sourcecode.module-map"; path = MeetTalk.modulemap; sourceTree = "<group>"; };
		0A0808F027E2F61300F658B2 /* MeetTalkConferenceInfo.h */ = {isa = PBXFileReference; lastKnownFileType = sourcecode.c.h; path = MeetTalkConferenceInfo.h; sourceTree = "<group>"; };
		0A0808F127E2F61300F658B2 /* MeetTalkConferenceInfo.m */ = {isa = PBXFileReference; lastKnownFileType = sourcecode.c.objc; path = MeetTalkConferenceInfo.m; sourceTree = "<group>"; };
		0A0808F427E2F7D800F658B2 /* MeetTalkParticipantInfo.h */ = {isa = PBXFileReference; lastKnownFileType = sourcecode.c.h; path = MeetTalkParticipantInfo.h; sourceTree = "<group>"; };
		0A0808F527E2F7D800F658B2 /* MeetTalkParticipantInfo.m */ = {isa = PBXFileReference; lastKnownFileType = sourcecode.c.objc; path = MeetTalkParticipantInfo.m; sourceTree = "<group>"; };
		0A2C410527CF832C004AD641 /* MeetTalk.m */ = {isa = PBXFileReference; lastKnownFileType = sourcecode.c.objc; path = MeetTalk.m; sourceTree = "<group>"; };
		0A9675F627EB1393006CD5DC /* MeetTalkCallManager.h */ = {isa = PBXFileReference; lastKnownFileType = sourcecode.c.h; path = MeetTalkCallManager.h; sourceTree = "<group>"; };
		0A9675F727EB1393006CD5DC /* MeetTalkCallManager.m */ = {isa = PBXFileReference; lastKnownFileType = sourcecode.c.objc; path = MeetTalkCallManager.m; sourceTree = "<group>"; };
		0AC9AF9A27CE25E2006A2575 /* MeetTalk.framework */ = {isa = PBXFileReference; explicitFileType = wrapper.framework; includeInIndex = 0; path = MeetTalk.framework; sourceTree = BUILT_PRODUCTS_DIR; };
		0AC9AF9D27CE25E2006A2575 /* MeetTalk.h */ = {isa = PBXFileReference; lastKnownFileType = sourcecode.c.h; path = MeetTalk.h; sourceTree = "<group>"; };
		0AC9AFA227CE25E2006A2575 /* MeetTalkTests.xctest */ = {isa = PBXFileReference; explicitFileType = wrapper.cfbundle; includeInIndex = 0; path = MeetTalkTests.xctest; sourceTree = BUILT_PRODUCTS_DIR; };
		0AC9AFA727CE25E2006A2575 /* MeetTalkTests.m */ = {isa = PBXFileReference; lastKnownFileType = sourcecode.c.objc; path = MeetTalkTests.m; sourceTree = "<group>"; };
		0AF7437627D1FB9A005660EB /* en */ = {isa = PBXFileReference; lastKnownFileType = text.plist.strings; name = en; path = en.lproj/Localizable.strings; sourceTree = "<group>"; };
		0AF7437827D1FB9C005660EB /* id */ = {isa = PBXFileReference; lastKnownFileType = text.plist.strings; name = id; path = id.lproj/Localizable.strings; sourceTree = "<group>"; };
		0AF7438427D20650005660EB /* MeetTalkConfigs.h */ = {isa = PBXFileReference; fileEncoding = 4; lastKnownFileType = sourcecode.c.h; path = MeetTalkConfigs.h; sourceTree = "<group>"; };
		0AF7438527D20650005660EB /* MeetTalkAssets.xcassets */ = {isa = PBXFileReference; lastKnownFileType = folder.assetcatalog; path = MeetTalkAssets.xcassets; sourceTree = "<group>"; };
		0AF7438827D20669005660EB /* MeetTalkStyle.h */ = {isa = PBXFileReference; fileEncoding = 4; lastKnownFileType = sourcecode.c.h; path = MeetTalkStyle.h; sourceTree = "<group>"; };
		0AF7438A27D224E3005660EB /* MeetTalkCallViewController.h */ = {isa = PBXFileReference; lastKnownFileType = sourcecode.c.h; path = MeetTalkCallViewController.h; sourceTree = "<group>"; };
		0AF7438B27D224E3005660EB /* MeetTalkCallViewController.m */ = {isa = PBXFileReference; lastKnownFileType = sourcecode.c.objc; path = MeetTalkCallViewController.m; sourceTree = "<group>"; };
		0AF7438C27D224E3005660EB /* MeetTalkCallViewController.xib */ = {isa = PBXFileReference; lastKnownFileType = file.xib; path = MeetTalkCallViewController.xib; sourceTree = "<group>"; };
		158A3B11C1680EC5D19D3922 /* Pods-MeetTalk-MeetTalkTests.debug.xcconfig */ = {isa = PBXFileReference; includeInIndex = 1; lastKnownFileType = text.xcconfig; name = "Pods-MeetTalk-MeetTalkTests.debug.xcconfig"; path = "Target Support Files/Pods-MeetTalk-MeetTalkTests/Pods-MeetTalk-MeetTalkTests.debug.xcconfig"; sourceTree = "<group>"; };
		16A91E048E494B4A255EFCF7 /* Pods-MeetTalk-MeetTalkTests.release.xcconfig */ = {isa = PBXFileReference; includeInIndex = 1; lastKnownFileType = text.xcconfig; name = "Pods-MeetTalk-MeetTalkTests.release.xcconfig"; path = "Target Support Files/Pods-MeetTalk-MeetTalkTests/Pods-MeetTalk-MeetTalkTests.release.xcconfig"; sourceTree = "<group>"; };
		621690EA1C3C9E511CA4875C /* Pods-MeetTalk.release.xcconfig */ = {isa = PBXFileReference; includeInIndex = 1; lastKnownFileType = text.xcconfig; name = "Pods-MeetTalk.release.xcconfig"; path = "Target Support Files/Pods-MeetTalk/Pods-MeetTalk.release.xcconfig"; sourceTree = "<group>"; };
		93B7FF03DEF12C927E162D68 /* Pods-MeetTalk.debug.xcconfig */ = {isa = PBXFileReference; includeInIndex = 1; lastKnownFileType = text.xcconfig; name = "Pods-MeetTalk.debug.xcconfig"; path = "Target Support Files/Pods-MeetTalk/Pods-MeetTalk.debug.xcconfig"; sourceTree = "<group>"; };
		B2BDFF32F2F2ED4605EB76CF /* libPods-MeetTalk.a */ = {isa = PBXFileReference; explicitFileType = archive.ar; includeInIndex = 0; path = "libPods-MeetTalk.a"; sourceTree = BUILT_PRODUCTS_DIR; };
		CF46494C0404799F3931D1B6 /* libPods-MeetTalk-MeetTalkTests.a */ = {isa = PBXFileReference; explicitFileType = archive.ar; includeInIndex = 0; path = "libPods-MeetTalk-MeetTalkTests.a"; sourceTree = BUILT_PRODUCTS_DIR; };
/* End PBXFileReference section */

/* Begin PBXFrameworksBuildPhase section */
		0AC9AF9727CE25E2006A2575 /* Frameworks */ = {
			isa = PBXFrameworksBuildPhase;
			buildActionMask = 2147483647;
			files = (
				8D36673C6B4DF12E78CBEF88 /* libPods-MeetTalk.a in Frameworks */,
			);
			runOnlyForDeploymentPostprocessing = 0;
		};
		0AC9AF9F27CE25E2006A2575 /* Frameworks */ = {
			isa = PBXFrameworksBuildPhase;
			buildActionMask = 2147483647;
			files = (
				0AC9AFA327CE25E2006A2575 /* MeetTalk.framework in Frameworks */,
				542FC2C62A0B397F50CB0764 /* libPods-MeetTalk-MeetTalkTests.a in Frameworks */,
			);
			runOnlyForDeploymentPostprocessing = 0;
		};
/* End PBXFrameworksBuildPhase section */

/* Begin PBXGroup section */
		0A0808E227E1C00F00F658B2 /* Table View Cells */ = {
			isa = PBXGroup;
			children = (
				0A0808E327E1C02E00F658B2 /* MeetTalkCallChatBubbleTableViewCell.h */,
				0A0808E427E1C02E00F658B2 /* MeetTalkCallChatBubbleTableViewCell.m */,
				0A0808E527E1C02E00F658B2 /* MeetTalkCallChatBubbleTableViewCell.xib */,
			);
			path = "Table View Cells";
			sourceTree = "<group>";
		};
		0AC9AF9027CE25E2006A2575 = {
			isa = PBXGroup;
			children = (
				0AC9AF9C27CE25E2006A2575 /* MeetTalk */,
				0AC9AFA627CE25E2006A2575 /* MeetTalkTests */,
				0AC9AF9B27CE25E2006A2575 /* Products */,
				DDA7B7E6CEF76C8E8138D275 /* Pods */,
				865ECECCBB95CCA067ACF337 /* Frameworks */,
			);
			sourceTree = "<group>";
		};
		0AC9AF9B27CE25E2006A2575 /* Products */ = {
			isa = PBXGroup;
			children = (
				0AC9AF9A27CE25E2006A2575 /* MeetTalk.framework */,
				0AC9AFA227CE25E2006A2575 /* MeetTalkTests.xctest */,
			);
			name = Products;
			sourceTree = "<group>";
		};
		0AC9AF9C27CE25E2006A2575 /* MeetTalk */ = {
			isa = PBXGroup;
			children = (
				0AC9AF9D27CE25E2006A2575 /* MeetTalk.h */,
				0A2C410527CF832C004AD641 /* MeetTalk.m */,
				0AF7437727D1FB9A005660EB /* Localizable.strings */,
				0AF7437927D1FC75005660EB /* Managers */,
				0AF7437A27D1FC7C005660EB /* Models */,
				0AF7437B27D1FCF9005660EB /* Supporting Files */,
				0A0808E227E1C00F00F658B2 /* Table View Cells */,
				0AF7437D27D1FD2B005660EB /* View Controllers */,
				0AF7437C27D1FD22005660EB /* Views */,
			);
			path = MeetTalk;
			sourceTree = "<group>";
		};
		0AC9AFA627CE25E2006A2575 /* MeetTalkTests */ = {
			isa = PBXGroup;
			children = (
				0AC9AFA727CE25E2006A2575 /* MeetTalkTests.m */,
			);
			path = MeetTalkTests;
			sourceTree = "<group>";
		};
		0AF7437927D1FC75005660EB /* Managers */ = {
			isa = PBXGroup;
			children = (
				0A0808E927E1ED4D00F658B2 /* MeetTalkStyleManager.h */,
				0A0808EA27E1ED4D00F658B2 /* MeetTalkStyleManager.m */,
				0A9675F627EB1393006CD5DC /* MeetTalkCallManager.h */,
				0A9675F727EB1393006CD5DC /* MeetTalkCallManager.m */,
			);
			path = Managers;
			sourceTree = "<group>";
		};
		0AF7437A27D1FC7C005660EB /* Models */ = {
			isa = PBXGroup;
			children = (
				0A0808F027E2F61300F658B2 /* MeetTalkConferenceInfo.h */,
				0A0808F127E2F61300F658B2 /* MeetTalkConferenceInfo.m */,
				0A0808F427E2F7D800F658B2 /* MeetTalkParticipantInfo.h */,
				0A0808F527E2F7D800F658B2 /* MeetTalkParticipantInfo.m */,
			);
			path = Models;
			sourceTree = "<group>";
		};
		0AF7437B27D1FCF9005660EB /* Supporting Files */ = {
			isa = PBXGroup;
			children = (
				0AF7438527D20650005660EB /* MeetTalkAssets.xcassets */,
				0AF7438427D20650005660EB /* MeetTalkConfigs.h */,
				0AF7438827D20669005660EB /* MeetTalkStyle.h */,
				0A0808ED27E1F58500F658B2 /* MeetTalk.modulemap */,
			);
			path = "Supporting Files";
			sourceTree = "<group>";
		};
		0AF7437C27D1FD22005660EB /* Views */ = {
			isa = PBXGroup;
			children = (
			);
			path = Views;
			sourceTree = "<group>";
		};
		0AF7437D27D1FD2B005660EB /* View Controllers */ = {
			isa = PBXGroup;
			children = (
				0AF7438A27D224E3005660EB /* MeetTalkCallViewController.h */,
				0AF7438B27D224E3005660EB /* MeetTalkCallViewController.m */,
				0AF7438C27D224E3005660EB /* MeetTalkCallViewController.xib */,
			);
			path = "View Controllers";
			sourceTree = "<group>";
		};
		865ECECCBB95CCA067ACF337 /* Frameworks */ = {
			isa = PBXGroup;
			children = (
				B2BDFF32F2F2ED4605EB76CF /* libPods-MeetTalk.a */,
				CF46494C0404799F3931D1B6 /* libPods-MeetTalk-MeetTalkTests.a */,
			);
			name = Frameworks;
			sourceTree = "<group>";
		};
		DDA7B7E6CEF76C8E8138D275 /* Pods */ = {
			isa = PBXGroup;
			children = (
				93B7FF03DEF12C927E162D68 /* Pods-MeetTalk.debug.xcconfig */,
				621690EA1C3C9E511CA4875C /* Pods-MeetTalk.release.xcconfig */,
				158A3B11C1680EC5D19D3922 /* Pods-MeetTalk-MeetTalkTests.debug.xcconfig */,
				16A91E048E494B4A255EFCF7 /* Pods-MeetTalk-MeetTalkTests.release.xcconfig */,
			);
			path = Pods;
			sourceTree = "<group>";
		};
/* End PBXGroup section */

/* Begin PBXHeadersBuildPhase section */
		0AC9AF9527CE25E2006A2575 /* Headers */ = {
			isa = PBXHeadersBuildPhase;
			buildActionMask = 2147483647;
			files = (
				0A9675F827EB1393006CD5DC /* MeetTalkCallManager.h in Headers */,
				0AF7438D27D224E3005660EB /* MeetTalkCallViewController.h in Headers */,
				0AF7438927D20669005660EB /* MeetTalkStyle.h in Headers */,
				0AF7438627D20650005660EB /* MeetTalkConfigs.h in Headers */,
				0A0808F227E2F61300F658B2 /* MeetTalkConferenceInfo.h in Headers */,
				0A0808F627E2F7D800F658B2 /* MeetTalkParticipantInfo.h in Headers */,
				0A0808E627E1C02E00F658B2 /* MeetTalkCallChatBubbleTableViewCell.h in Headers */,
				0A0808EB27E1ED4D00F658B2 /* MeetTalkStyleManager.h in Headers */,
				0AC9AFA927CE25E2006A2575 /* MeetTalk.h in Headers */,
			);
			runOnlyForDeploymentPostprocessing = 0;
		};
/* End PBXHeadersBuildPhase section */

/* Begin PBXNativeTarget section */
		0AC9AF9927CE25E2006A2575 /* MeetTalk */ = {
			isa = PBXNativeTarget;
			buildConfigurationList = 0AC9AFAC27CE25E2006A2575 /* Build configuration list for PBXNativeTarget "MeetTalk" */;
			buildPhases = (
				62775B8D4E1ADF07DEF4C040 /* [CP] Check Pods Manifest.lock */,
				0AC9AF9527CE25E2006A2575 /* Headers */,
				0AC9AF9627CE25E2006A2575 /* Sources */,
				0AC9AF9727CE25E2006A2575 /* Frameworks */,
				0AC9AF9827CE25E2006A2575 /* Resources */,
				2106D11F82605DBD13CCD37A /* [CP] Copy Pods Resources */,
				0A5E49DB2849F03D0056C44E /* CopyFiles */,
			);
			buildRules = (
			);
			dependencies = (
			);
			name = MeetTalk;
			productName = MeetTalk;
			productReference = 0AC9AF9A27CE25E2006A2575 /* MeetTalk.framework */;
			productType = "com.apple.product-type.framework";
		};
		0AC9AFA127CE25E2006A2575 /* MeetTalkTests */ = {
			isa = PBXNativeTarget;
			buildConfigurationList = 0AC9AFAF27CE25E2006A2575 /* Build configuration list for PBXNativeTarget "MeetTalkTests" */;
			buildPhases = (
				6C48C6039AB633F90C237A0B /* [CP] Check Pods Manifest.lock */,
				0AC9AF9E27CE25E2006A2575 /* Sources */,
				0AC9AF9F27CE25E2006A2575 /* Frameworks */,
				0AC9AFA027CE25E2006A2575 /* Resources */,
				48B119B01AC02D11EEF77877 /* [CP] Copy Pods Resources */,
				A65F5E68DD10DADC46F4E26B /* [CP] Embed Pods Frameworks */,
			);
			buildRules = (
			);
			dependencies = (
				0AC9AFA527CE25E2006A2575 /* PBXTargetDependency */,
			);
			name = MeetTalkTests;
			productName = MeetTalkTests;
			productReference = 0AC9AFA227CE25E2006A2575 /* MeetTalkTests.xctest */;
			productType = "com.apple.product-type.bundle.unit-test";
		};
/* End PBXNativeTarget section */

/* Begin PBXProject section */
		0AC9AF9127CE25E2006A2575 /* Project object */ = {
			isa = PBXProject;
			attributes = {
				BuildIndependentTargetsInParallel = 1;
				LastUpgradeCheck = 1310;
				TargetAttributes = {
					0AC9AF9927CE25E2006A2575 = {
						CreatedOnToolsVersion = 13.1;
					};
					0AC9AFA127CE25E2006A2575 = {
						CreatedOnToolsVersion = 13.1;
					};
				};
			};
			buildConfigurationList = 0AC9AF9427CE25E2006A2575 /* Build configuration list for PBXProject "MeetTalk" */;
			compatibilityVersion = "Xcode 13.0";
			developmentRegion = en;
			hasScannedForEncodings = 0;
			knownRegions = (
				en,
				Base,
				id,
			);
			mainGroup = 0AC9AF9027CE25E2006A2575;
			productRefGroup = 0AC9AF9B27CE25E2006A2575 /* Products */;
			projectDirPath = "";
			projectRoot = "";
			targets = (
				0AC9AF9927CE25E2006A2575 /* MeetTalk */,
				0AC9AFA127CE25E2006A2575 /* MeetTalkTests */,
			);
		};
/* End PBXProject section */

/* Begin PBXResourcesBuildPhase section */
		0AC9AF9827CE25E2006A2575 /* Resources */ = {
			isa = PBXResourcesBuildPhase;
			buildActionMask = 2147483647;
			files = (
				0A5E49D72849C2930056C44E /* MeetTalkAssets.xcassets in Resources */,
				0AF7437527D1FB9A005660EB /* Localizable.strings in Resources */,
				0AF7438F27D224E3005660EB /* MeetTalkCallViewController.xib in Resources */,
				0A0808E827E1C02E00F658B2 /* MeetTalkCallChatBubbleTableViewCell.xib in Resources */,
			);
			runOnlyForDeploymentPostprocessing = 0;
		};
		0AC9AFA027CE25E2006A2575 /* Resources */ = {
			isa = PBXResourcesBuildPhase;
			buildActionMask = 2147483647;
			files = (
			);
			runOnlyForDeploymentPostprocessing = 0;
		};
/* End PBXResourcesBuildPhase section */

/* Begin PBXShellScriptBuildPhase section */
		2106D11F82605DBD13CCD37A /* [CP] Copy Pods Resources */ = {
			isa = PBXShellScriptBuildPhase;
			buildActionMask = 2147483647;
			files = (
			);
			inputFileListPaths = (
				"${PODS_ROOT}/Target Support Files/Pods-MeetTalk/Pods-MeetTalk-resources-${CONFIGURATION}-input-files.xcfilelist",
			);
			name = "[CP] Copy Pods Resources";
			outputFileListPaths = (
				"${PODS_ROOT}/Target Support Files/Pods-MeetTalk/Pods-MeetTalk-resources-${CONFIGURATION}-output-files.xcfilelist",
			);
			runOnlyForDeploymentPostprocessing = 0;
			shellPath = /bin/sh;
			shellScript = "\"${PODS_ROOT}/Target Support Files/Pods-MeetTalk/Pods-MeetTalk-resources.sh\"\n";
			showEnvVarsInLog = 0;
		};
		48B119B01AC02D11EEF77877 /* [CP] Copy Pods Resources */ = {
			isa = PBXShellScriptBuildPhase;
			buildActionMask = 2147483647;
			files = (
			);
			inputFileListPaths = (
				"${PODS_ROOT}/Target Support Files/Pods-MeetTalk-MeetTalkTests/Pods-MeetTalk-MeetTalkTests-resources-${CONFIGURATION}-input-files.xcfilelist",
			);
			name = "[CP] Copy Pods Resources";
			outputFileListPaths = (
				"${PODS_ROOT}/Target Support Files/Pods-MeetTalk-MeetTalkTests/Pods-MeetTalk-MeetTalkTests-resources-${CONFIGURATION}-output-files.xcfilelist",
			);
			runOnlyForDeploymentPostprocessing = 0;
			shellPath = /bin/sh;
			shellScript = "\"${PODS_ROOT}/Target Support Files/Pods-MeetTalk-MeetTalkTests/Pods-MeetTalk-MeetTalkTests-resources.sh\"\n";
			showEnvVarsInLog = 0;
		};
		62775B8D4E1ADF07DEF4C040 /* [CP] Check Pods Manifest.lock */ = {
			isa = PBXShellScriptBuildPhase;
			buildActionMask = 2147483647;
			files = (
			);
			inputFileListPaths = (
			);
			inputPaths = (
				"${PODS_PODFILE_DIR_PATH}/Podfile.lock",
				"${PODS_ROOT}/Manifest.lock",
			);
			name = "[CP] Check Pods Manifest.lock";
			outputFileListPaths = (
			);
			outputPaths = (
				"$(DERIVED_FILE_DIR)/Pods-MeetTalk-checkManifestLockResult.txt",
			);
			runOnlyForDeploymentPostprocessing = 0;
			shellPath = /bin/sh;
			shellScript = "diff \"${PODS_PODFILE_DIR_PATH}/Podfile.lock\" \"${PODS_ROOT}/Manifest.lock\" > /dev/null\nif [ $? != 0 ] ; then\n    # print error to STDERR\n    echo \"error: The sandbox is not in sync with the Podfile.lock. Run 'pod install' or update your CocoaPods installation.\" >&2\n    exit 1\nfi\n# This output is used by Xcode 'outputs' to avoid re-running this script phase.\necho \"SUCCESS\" > \"${SCRIPT_OUTPUT_FILE_0}\"\n";
			showEnvVarsInLog = 0;
		};
		6C48C6039AB633F90C237A0B /* [CP] Check Pods Manifest.lock */ = {
			isa = PBXShellScriptBuildPhase;
			buildActionMask = 2147483647;
			files = (
			);
			inputFileListPaths = (
			);
			inputPaths = (
				"${PODS_PODFILE_DIR_PATH}/Podfile.lock",
				"${PODS_ROOT}/Manifest.lock",
			);
			name = "[CP] Check Pods Manifest.lock";
			outputFileListPaths = (
			);
			outputPaths = (
				"$(DERIVED_FILE_DIR)/Pods-MeetTalk-MeetTalkTests-checkManifestLockResult.txt",
			);
			runOnlyForDeploymentPostprocessing = 0;
			shellPath = /bin/sh;
			shellScript = "diff \"${PODS_PODFILE_DIR_PATH}/Podfile.lock\" \"${PODS_ROOT}/Manifest.lock\" > /dev/null\nif [ $? != 0 ] ; then\n    # print error to STDERR\n    echo \"error: The sandbox is not in sync with the Podfile.lock. Run 'pod install' or update your CocoaPods installation.\" >&2\n    exit 1\nfi\n# This output is used by Xcode 'outputs' to avoid re-running this script phase.\necho \"SUCCESS\" > \"${SCRIPT_OUTPUT_FILE_0}\"\n";
			showEnvVarsInLog = 0;
		};
		A65F5E68DD10DADC46F4E26B /* [CP] Embed Pods Frameworks */ = {
			isa = PBXShellScriptBuildPhase;
			buildActionMask = 2147483647;
			files = (
			);
			inputFileListPaths = (
				"${PODS_ROOT}/Target Support Files/Pods-MeetTalk-MeetTalkTests/Pods-MeetTalk-MeetTalkTests-frameworks-${CONFIGURATION}-input-files.xcfilelist",
			);
			name = "[CP] Embed Pods Frameworks";
			outputFileListPaths = (
				"${PODS_ROOT}/Target Support Files/Pods-MeetTalk-MeetTalkTests/Pods-MeetTalk-MeetTalkTests-frameworks-${CONFIGURATION}-output-files.xcfilelist",
			);
			runOnlyForDeploymentPostprocessing = 0;
			shellPath = /bin/sh;
			shellScript = "\"${PODS_ROOT}/Target Support Files/Pods-MeetTalk-MeetTalkTests/Pods-MeetTalk-MeetTalkTests-frameworks.sh\"\n";
			showEnvVarsInLog = 0;
		};
/* End PBXShellScriptBuildPhase section */

/* Begin PBXSourcesBuildPhase section */
		0AC9AF9627CE25E2006A2575 /* Sources */ = {
			isa = PBXSourcesBuildPhase;
			buildActionMask = 2147483647;
			files = (
				0A0808EC27E1ED4D00F658B2 /* MeetTalkStyleManager.m in Sources */,
				0A0808F327E2F61300F658B2 /* MeetTalkConferenceInfo.m in Sources */,
				0A0808E727E1C02E00F658B2 /* MeetTalkCallChatBubbleTableViewCell.m in Sources */,
				0A2C410627CF832C004AD641 /* MeetTalk.m in Sources */,
				0A0808F727E2F7D800F658B2 /* MeetTalkParticipantInfo.m in Sources */,
				0AF7438E27D224E3005660EB /* MeetTalkCallViewController.m in Sources */,
				0A9675F927EB1393006CD5DC /* MeetTalkCallManager.m in Sources */,
			);
			runOnlyForDeploymentPostprocessing = 0;
		};
		0AC9AF9E27CE25E2006A2575 /* Sources */ = {
			isa = PBXSourcesBuildPhase;
			buildActionMask = 2147483647;
			files = (
				0AC9AFA827CE25E2006A2575 /* MeetTalkTests.m in Sources */,
			);
			runOnlyForDeploymentPostprocessing = 0;
		};
/* End PBXSourcesBuildPhase section */

/* Begin PBXTargetDependency section */
		0AC9AFA527CE25E2006A2575 /* PBXTargetDependency */ = {
			isa = PBXTargetDependency;
			target = 0AC9AF9927CE25E2006A2575 /* MeetTalk */;
			targetProxy = 0AC9AFA427CE25E2006A2575 /* PBXContainerItemProxy */;
		};
/* End PBXTargetDependency section */

/* Begin PBXVariantGroup section */
		0AF7437727D1FB9A005660EB /* Localizable.strings */ = {
			isa = PBXVariantGroup;
			children = (
				0AF7437627D1FB9A005660EB /* en */,
				0AF7437827D1FB9C005660EB /* id */,
			);
			name = Localizable.strings;
			sourceTree = "<group>";
		};
/* End PBXVariantGroup section */

/* Begin XCBuildConfiguration section */
		0AC9AFAA27CE25E2006A2575 /* Debug */ = {
			isa = XCBuildConfiguration;
			buildSettings = {
				ALWAYS_SEARCH_USER_PATHS = NO;
				CLANG_ALLOW_NON_MODULAR_INCLUDES_IN_FRAMEWORK_MODULES = YES;
				CLANG_ANALYZER_NONNULL = YES;
				CLANG_ANALYZER_NUMBER_OBJECT_CONVERSION = YES_AGGRESSIVE;
				CLANG_CXX_LANGUAGE_STANDARD = "gnu++17";
				CLANG_CXX_LIBRARY = "libc++";
				CLANG_ENABLE_MODULES = YES;
				CLANG_ENABLE_OBJC_ARC = YES;
				CLANG_ENABLE_OBJC_WEAK = YES;
				CLANG_WARN_BLOCK_CAPTURE_AUTORELEASING = YES;
				CLANG_WARN_BOOL_CONVERSION = YES;
				CLANG_WARN_COMMA = YES;
				CLANG_WARN_CONSTANT_CONVERSION = YES;
				CLANG_WARN_DEPRECATED_OBJC_IMPLEMENTATIONS = YES;
				CLANG_WARN_DIRECT_OBJC_ISA_USAGE = YES_ERROR;
				CLANG_WARN_DOCUMENTATION_COMMENTS = YES;
				CLANG_WARN_EMPTY_BODY = YES;
				CLANG_WARN_ENUM_CONVERSION = YES;
				CLANG_WARN_INFINITE_RECURSION = YES;
				CLANG_WARN_INT_CONVERSION = YES;
				CLANG_WARN_NON_LITERAL_NULL_CONVERSION = YES;
				CLANG_WARN_OBJC_IMPLICIT_RETAIN_SELF = YES;
				CLANG_WARN_OBJC_LITERAL_CONVERSION = YES;
				CLANG_WARN_OBJC_ROOT_CLASS = YES_ERROR;
				CLANG_WARN_QUOTED_INCLUDE_IN_FRAMEWORK_HEADER = YES;
				CLANG_WARN_RANGE_LOOP_ANALYSIS = YES;
				CLANG_WARN_STRICT_PROTOTYPES = YES;
				CLANG_WARN_SUSPICIOUS_MOVE = YES;
				CLANG_WARN_UNGUARDED_AVAILABILITY = YES_AGGRESSIVE;
				CLANG_WARN_UNREACHABLE_CODE = YES;
				CLANG_WARN__DUPLICATE_METHOD_MATCH = YES;
				COPY_PHASE_STRIP = NO;
				CURRENT_PROJECT_VERSION = 1;
				DEBUG_INFORMATION_FORMAT = dwarf;
				ENABLE_STRICT_OBJC_MSGSEND = YES;
				ENABLE_TESTABILITY = YES;
				FRAMEWORK_SEARCH_PATHS = "$(inherited)";
				GCC_C_LANGUAGE_STANDARD = gnu11;
				GCC_DYNAMIC_NO_PIC = NO;
				GCC_NO_COMMON_BLOCKS = YES;
				GCC_OPTIMIZATION_LEVEL = 0;
				GCC_PREPROCESSOR_DEFINITIONS = (
					"DEBUG=1",
					"$(inherited)",
				);
				GCC_WARN_64_TO_32_BIT_CONVERSION = YES;
				GCC_WARN_ABOUT_RETURN_TYPE = YES_ERROR;
				GCC_WARN_UNDECLARED_SELECTOR = YES;
				GCC_WARN_UNINITIALIZED_AUTOS = YES_AGGRESSIVE;
				GCC_WARN_UNUSED_FUNCTION = YES;
				GCC_WARN_UNUSED_VARIABLE = YES;
				IPHONEOS_DEPLOYMENT_TARGET = 15.0;
				MTL_ENABLE_DEBUG_INFO = INCLUDE_SOURCE;
				MTL_FAST_MATH = YES;
				ONLY_ACTIVE_ARCH = NO;
				SDKROOT = iphoneos;
				VERSIONING_SYSTEM = "apple-generic";
				VERSION_INFO_PREFIX = "";
			};
			name = Debug;
		};
		0AC9AFAB27CE25E2006A2575 /* Release */ = {
			isa = XCBuildConfiguration;
			buildSettings = {
				ALWAYS_SEARCH_USER_PATHS = NO;
				CLANG_ALLOW_NON_MODULAR_INCLUDES_IN_FRAMEWORK_MODULES = YES;
				CLANG_ANALYZER_NONNULL = YES;
				CLANG_ANALYZER_NUMBER_OBJECT_CONVERSION = YES_AGGRESSIVE;
				CLANG_CXX_LANGUAGE_STANDARD = "gnu++17";
				CLANG_CXX_LIBRARY = "libc++";
				CLANG_ENABLE_MODULES = YES;
				CLANG_ENABLE_OBJC_ARC = YES;
				CLANG_ENABLE_OBJC_WEAK = YES;
				CLANG_WARN_BLOCK_CAPTURE_AUTORELEASING = YES;
				CLANG_WARN_BOOL_CONVERSION = YES;
				CLANG_WARN_COMMA = YES;
				CLANG_WARN_CONSTANT_CONVERSION = YES;
				CLANG_WARN_DEPRECATED_OBJC_IMPLEMENTATIONS = YES;
				CLANG_WARN_DIRECT_OBJC_ISA_USAGE = YES_ERROR;
				CLANG_WARN_DOCUMENTATION_COMMENTS = YES;
				CLANG_WARN_EMPTY_BODY = YES;
				CLANG_WARN_ENUM_CONVERSION = YES;
				CLANG_WARN_INFINITE_RECURSION = YES;
				CLANG_WARN_INT_CONVERSION = YES;
				CLANG_WARN_NON_LITERAL_NULL_CONVERSION = YES;
				CLANG_WARN_OBJC_IMPLICIT_RETAIN_SELF = YES;
				CLANG_WARN_OBJC_LITERAL_CONVERSION = YES;
				CLANG_WARN_OBJC_ROOT_CLASS = YES_ERROR;
				CLANG_WARN_QUOTED_INCLUDE_IN_FRAMEWORK_HEADER = YES;
				CLANG_WARN_RANGE_LOOP_ANALYSIS = YES;
				CLANG_WARN_STRICT_PROTOTYPES = YES;
				CLANG_WARN_SUSPICIOUS_MOVE = YES;
				CLANG_WARN_UNGUARDED_AVAILABILITY = YES_AGGRESSIVE;
				CLANG_WARN_UNREACHABLE_CODE = YES;
				CLANG_WARN__DUPLICATE_METHOD_MATCH = YES;
				COPY_PHASE_STRIP = NO;
				CURRENT_PROJECT_VERSION = 1;
				DEBUG_INFORMATION_FORMAT = "dwarf-with-dsym";
				ENABLE_NS_ASSERTIONS = NO;
				ENABLE_STRICT_OBJC_MSGSEND = YES;
				FRAMEWORK_SEARCH_PATHS = "$(inherited)";
				GCC_C_LANGUAGE_STANDARD = gnu11;
				GCC_NO_COMMON_BLOCKS = YES;
				GCC_WARN_64_TO_32_BIT_CONVERSION = YES;
				GCC_WARN_ABOUT_RETURN_TYPE = YES_ERROR;
				GCC_WARN_UNDECLARED_SELECTOR = YES;
				GCC_WARN_UNINITIALIZED_AUTOS = YES_AGGRESSIVE;
				GCC_WARN_UNUSED_FUNCTION = YES;
				GCC_WARN_UNUSED_VARIABLE = YES;
				IPHONEOS_DEPLOYMENT_TARGET = 15.0;
				MTL_ENABLE_DEBUG_INFO = NO;
				MTL_FAST_MATH = YES;
				SDKROOT = iphoneos;
				VALIDATE_PRODUCT = YES;
				VERSIONING_SYSTEM = "apple-generic";
				VERSION_INFO_PREFIX = "";
			};
			name = Release;
		};
		0AC9AFAD27CE25E2006A2575 /* Debug */ = {
			isa = XCBuildConfiguration;
			baseConfigurationReference = 93B7FF03DEF12C927E162D68 /* Pods-MeetTalk.debug.xcconfig */;
			buildSettings = {
				CLANG_ALLOW_NON_MODULAR_INCLUDES_IN_FRAMEWORK_MODULES = YES;
				CODE_SIGN_STYLE = Automatic;
				CURRENT_PROJECT_VERSION = 1;
				DEFINES_MODULE = YES;
				DEVELOPMENT_TEAM = PA443D57Z2;
				DYLIB_COMPATIBILITY_VERSION = 1;
				DYLIB_CURRENT_VERSION = 1;
				DYLIB_INSTALL_NAME_BASE = "@rpath";
				ENABLE_BITCODE = NO;
				FRAMEWORK_SEARCH_PATHS = (
					"$(inherited)",
					"\"${PODS_ROOT}/GoogleMaps/Base/Frameworks\"",
					"\"${PODS_ROOT}/GoogleMaps/Maps/Frameworks\"",
					"\"${PODS_ROOT}/GooglePlaces/Frameworks\"",
					"\"${PODS_ROOT}/Realm/core\"",
					"$(inherited)",
				);
				GENERATE_INFOPLIST_FILE = YES;
				INFOPLIST_KEY_NSHumanReadableCopyright = "";
				INSTALL_PATH = "$(LOCAL_LIBRARY_DIR)/Frameworks";
				LD_RUNPATH_SEARCH_PATHS = (
					"$(inherited)",
					"@executable_path/Frameworks",
					"@loader_path/Frameworks",
				);
				MARKETING_VERSION = 0.10.0;
				OTHER_CFLAGS = (
					"$(inherited)",
					"-fmodule-map-file=\"${SRCROOT}/MeetTalk/Supporting Files/MeetTalk.modulemap\"",
					"-fmodule-map-file=\"${PODS_ROOT}/Headers/Public/AFNetworking/AFNetworking.modulemap\"",
					"-fmodule-map-file=\"${PODS_ROOT}/Headers/Public/JSONModel/JSONModel.modulemap\"",
					"-isystem",
					"\"${PODS_ROOT}/Headers/Public\"",
					"-isystem",
					"\"${PODS_ROOT}/Headers/Public/PodAsset\"",
					"-isystem",
					"\"${PODS_ROOT}/Headers/Public/Realm\"",
					"-isystem",
					"\"${PODS_ROOT}/Headers/Public/SDWebImage\"",
					"-isystem",
					"\"${PODS_ROOT}/Headers/Public/SocketRocket\"",
					"-isystem",
					"\"${PODS_ROOT}/Headers/Public/AFNetworking\"",
					"-isystem",
					"\"${PODS_ROOT}/Headers/Public/JSONModel\"",
					"-isystem",
					"\"${PODS_ROOT}/Headers/Public/TapTalk\"",
					"-isystem",
					"\"${PODS_ROOT}/Headers/Public/ZSWTappableLabel\"",
					"-iframework",
					"\"${PODS_ROOT}/GoogleMaps/Base/Frameworks\"",
					"-iframework",
					"\"${PODS_ROOT}/GoogleMaps/Maps/Frameworks\"",
					"-iframework",
					"\"${PODS_ROOT}/GooglePlaces/Frameworks\"",
					"-iframework",
					"\"${PODS_ROOT}/JitsiMeetSDK/Frameworks\"",
					"-iframework",
					"\"${PODS_XCFRAMEWORKS_BUILD_DIR}/JitsiMeetSDK\"",
					"-iframework",
					"\"${PODS_ROOT}/Realm/core\"",
				);
				OTHER_SWIFT_FLAGS = "$(inherited) -D COCOAPODS -Xcc -Wno-error=non-modular-include-in-framework-module  -Xcc -fmodule-map-file=\"${SRCROOT}/MeetTalk/Supporting Files/MeetTalk.modulemap\" -Xcc -fmodule-map-file=\"${PODS_ROOT}/Headers/Public/AFNetworking/AFNetworking.modulemap\" -Xcc -fmodule-map-file=\"${PODS_ROOT}/Headers/Public/JSONModel/JSONModel.modulemap\"";
				PRODUCT_BUNDLE_IDENTIFIER = io.taptalk.MeetTalk;
				PRODUCT_NAME = "$(TARGET_NAME:c99extidentifier)";
				SKIP_INSTALL = YES;
				SUPPORTS_MACCATALYST = NO;
				SWIFT_EMIT_LOC_STRINGS = YES;
				TARGETED_DEVICE_FAMILY = "1,2";
			};
			name = Debug;
		};
		0AC9AFAE27CE25E2006A2575 /* Release */ = {
			isa = XCBuildConfiguration;
			baseConfigurationReference = 621690EA1C3C9E511CA4875C /* Pods-MeetTalk.release.xcconfig */;
			buildSettings = {
				CLANG_ALLOW_NON_MODULAR_INCLUDES_IN_FRAMEWORK_MODULES = YES;
				CODE_SIGN_STYLE = Automatic;
				CURRENT_PROJECT_VERSION = 1;
				DEFINES_MODULE = YES;
				DEVELOPMENT_TEAM = PA443D57Z2;
				DYLIB_COMPATIBILITY_VERSION = 1;
				DYLIB_CURRENT_VERSION = 1;
				DYLIB_INSTALL_NAME_BASE = "@rpath";
				ENABLE_BITCODE = NO;
				FRAMEWORK_SEARCH_PATHS = (
					"$(inherited)",
					"\"${PODS_ROOT}/GoogleMaps/Base/Frameworks\"",
					"\"${PODS_ROOT}/GoogleMaps/Maps/Frameworks\"",
					"\"${PODS_ROOT}/GooglePlaces/Frameworks\"",
					"\"${PODS_ROOT}/Realm/core\"",
					"$(inherited)",
				);
				GENERATE_INFOPLIST_FILE = YES;
				INFOPLIST_KEY_NSHumanReadableCopyright = "";
				INSTALL_PATH = "$(LOCAL_LIBRARY_DIR)/Frameworks";
				LD_RUNPATH_SEARCH_PATHS = (
					"$(inherited)",
					"@executable_path/Frameworks",
					"@loader_path/Frameworks",
				);
				MARKETING_VERSION = 0.10.0;
				OTHER_CFLAGS = (
					"$(inherited)",
					"-fmodule-map-file=\"${SRCROOT}/MeetTalk/Supporting Files/MeetTalk.modulemap\"",
					"-fmodule-map-file=\"${PODS_ROOT}/Headers/Public/AFNetworking/AFNetworking.modulemap\"",
					"-fmodule-map-file=\"${PODS_ROOT}/Headers/Public/JSONModel/JSONModel.modulemap\"",
					"-isystem",
					"\"${PODS_ROOT}/Headers/Public\"",
					"-isystem",
					"\"${PODS_ROOT}/Headers/Public/PodAsset\"",
					"-isystem",
					"\"${PODS_ROOT}/Headers/Public/Realm\"",
					"-isystem",
					"\"${PODS_ROOT}/Headers/Public/SDWebImage\"",
					"-isystem",
					"\"${PODS_ROOT}/Headers/Public/SocketRocket\"",
					"-isystem",
					"\"${PODS_ROOT}/Headers/Public/AFNetworking\"",
					"-isystem",
					"\"${PODS_ROOT}/Headers/Public/JSONModel\"",
					"-isystem",
					"\"${PODS_ROOT}/Headers/Public/TapTalk\"",
					"-isystem",
					"\"${PODS_ROOT}/Headers/Public/ZSWTappableLabel\"",
					"-iframework",
					"\"${PODS_ROOT}/GoogleMaps/Base/Frameworks\"",
					"-iframework",
					"\"${PODS_ROOT}/GoogleMaps/Maps/Frameworks\"",
					"-iframework",
					"\"${PODS_ROOT}/GooglePlaces/Frameworks\"",
					"-iframework",
					"\"${PODS_ROOT}/JitsiMeetSDK/Frameworks\"",
					"-iframework",
					"\"${PODS_XCFRAMEWORKS_BUILD_DIR}/JitsiMeetSDK\"",
					"-iframework",
					"\"${PODS_ROOT}/Realm/core\"",
				);
				OTHER_SWIFT_FLAGS = "$(inherited) -D COCOAPODS -Xcc -Wno-error=non-modular-include-in-framework-module  -Xcc -fmodule-map-file=\"${SRCROOT}/MeetTalk/Supporting Files/MeetTalk.modulemap\" -Xcc -fmodule-map-file=\"${PODS_ROOT}/Headers/Public/AFNetworking/AFNetworking.modulemap\" -Xcc -fmodule-map-file=\"${PODS_ROOT}/Headers/Public/JSONModel/JSONModel.modulemap\"";
				PRODUCT_BUNDLE_IDENTIFIER = io.taptalk.MeetTalk;
				PRODUCT_NAME = "$(TARGET_NAME:c99extidentifier)";
				SKIP_INSTALL = YES;
				SUPPORTS_MACCATALYST = NO;
				SWIFT_EMIT_LOC_STRINGS = YES;
				TARGETED_DEVICE_FAMILY = "1,2";
			};
			name = Release;
		};
		0AC9AFB027CE25E2006A2575 /* Debug */ = {
			isa = XCBuildConfiguration;
			baseConfigurationReference = 158A3B11C1680EC5D19D3922 /* Pods-MeetTalk-MeetTalkTests.debug.xcconfig */;
			buildSettings = {
				CODE_SIGN_STYLE = Automatic;
				CURRENT_PROJECT_VERSION = 1;
				DEVELOPMENT_TEAM = PA443D57Z2;
				FRAMEWORK_SEARCH_PATHS = (
					"$(inherited)",
					"\"${PODS_ROOT}/GoogleMaps/Base/Frameworks\"",
					"\"${PODS_ROOT}/GoogleMaps/Maps/Frameworks\"",
					"\"${PODS_ROOT}/GooglePlaces/Frameworks\"",
					"\"${PODS_ROOT}/Realm/core\"",
					"$(inherited)",
				);
				GENERATE_INFOPLIST_FILE = YES;
				LD_RUNPATH_SEARCH_PATHS = (
					"$(inherited)",
					"@executable_path/Frameworks",
					"@loader_path/Frameworks",
				);
				MARKETING_VERSION = 1.0;
				PRODUCT_BUNDLE_IDENTIFIER = io.taptalk.MeetTalkTests;
				PRODUCT_NAME = "$(TARGET_NAME)";
				SWIFT_EMIT_LOC_STRINGS = NO;
				TARGETED_DEVICE_FAMILY = "1,2";
			};
			name = Debug;
		};
		0AC9AFB127CE25E2006A2575 /* Release */ = {
			isa = XCBuildConfiguration;
			baseConfigurationReference = 16A91E048E494B4A255EFCF7 /* Pods-MeetTalk-MeetTalkTests.release.xcconfig */;
			buildSettings = {
				CODE_SIGN_STYLE = Automatic;
				CURRENT_PROJECT_VERSION = 1;
				DEVELOPMENT_TEAM = PA443D57Z2;
				FRAMEWORK_SEARCH_PATHS = (
					"$(inherited)",
					"\"${PODS_ROOT}/GoogleMaps/Base/Frameworks\"",
					"\"${PODS_ROOT}/GoogleMaps/Maps/Frameworks\"",
					"\"${PODS_ROOT}/GooglePlaces/Frameworks\"",
					"\"${PODS_ROOT}/Realm/core\"",
					"$(inherited)",
				);
				GENERATE_INFOPLIST_FILE = YES;
				LD_RUNPATH_SEARCH_PATHS = (
					"$(inherited)",
					"@executable_path/Frameworks",
					"@loader_path/Frameworks",
				);
				MARKETING_VERSION = 1.0;
				PRODUCT_BUNDLE_IDENTIFIER = io.taptalk.MeetTalkTests;
				PRODUCT_NAME = "$(TARGET_NAME)";
				SWIFT_EMIT_LOC_STRINGS = NO;
				TARGETED_DEVICE_FAMILY = "1,2";
			};
			name = Release;
		};
/* End XCBuildConfiguration section */

/* Begin XCConfigurationList section */
		0AC9AF9427CE25E2006A2575 /* Build configuration list for PBXProject "MeetTalk" */ = {
			isa = XCConfigurationList;
			buildConfigurations = (
				0AC9AFAA27CE25E2006A2575 /* Debug */,
				0AC9AFAB27CE25E2006A2575 /* Release */,
			);
			defaultConfigurationIsVisible = 0;
			defaultConfigurationName = Release;
		};
		0AC9AFAC27CE25E2006A2575 /* Build configuration list for PBXNativeTarget "MeetTalk" */ = {
			isa = XCConfigurationList;
			buildConfigurations = (
				0AC9AFAD27CE25E2006A2575 /* Debug */,
				0AC9AFAE27CE25E2006A2575 /* Release */,
			);
			defaultConfigurationIsVisible = 0;
			defaultConfigurationName = Release;
		};
		0AC9AFAF27CE25E2006A2575 /* Build configuration list for PBXNativeTarget "MeetTalkTests" */ = {
			isa = XCConfigurationList;
			buildConfigurations = (
				0AC9AFB027CE25E2006A2575 /* Debug */,
				0AC9AFB127CE25E2006A2575 /* Release */,
			);
			defaultConfigurationIsVisible = 0;
			defaultConfigurationName = Release;
		};
/* End XCConfigurationList section */
	};
	rootObject = 0AC9AF9127CE25E2006A2575 /* Project object */;
}
